
Microsoft Visual Studio Solution File, Format Version 12.00
# Visual Studio Version 17
VisualStudioVersion = 17.4.33213.308
MinimumVisualStudioVersion = 10.0.40219.1
Project("{FAE04EC0-301F-11D3-BF4B-00C04F79EFBC}") = "WebApplication1", "WebApplication1.csproj", "{1BC58ACA-376D-4947-867C-88B8A457F505}"
EndProject
Global
	GlobalSection(SolutionConfigurationPlatforms) = preSolution
		Debug|Any CPU = Debug|Any CPU
		Release|Any CPU = Release|Any CPU
	EndGlobalSection
	GlobalSection(ProjectConfigurationPlatforms) = postSolution
		{1BC58ACA-376D-4947-867C-88B8A457F505}.Debug|Any CPU.ActiveCfg = Debug|Any CPU
		{1BC58ACA-376D-4947-867C-88B8A457F505}.Debug|Any CPU.Build.0 = Debug|Any CPU
		{1BC58ACA-376D-4947-867C-88B8A457F505}.Release|Any CPU.ActiveCfg = Release|Any CPU
		{1BC58ACA-376D-4947-867C-88B8A457F505}.Release|Any CPU.Build.0 = Release|Any CPU
	EndGlobalSection
	GlobalSection(SolutionProperties) = preSolution
		HideSolutionNode = FALSE
	EndGlobalSection
	GlobalSection(ExtensibilityGlobals) = postSolution
		SolutionGuid = {6A39A2AD-AF9B-4024-B7B3-7201130F13F0}
	EndGlobalSection
EndGlobal
